
Microsoft Visual Studio Solution File, Format Version 12.00
# Visual Studio Version 17
VisualStudioVersion = 17.9.34622.214
MinimumVisualStudioVersion = 10.0.40219.1
Project("{FAE04EC0-301F-11D3-BF4B-00C04F79EFBC}") = "PRELIM_E3_ASSIGMENT_RentoriaZhenmalane_BSCS32E1", "PRELIM_E3_ASSIGMENT_RentoriaZhenmalane_BSCS32E1\PRELIM_E3_ASSIGMENT_RentoriaZhenmalane_BSCS32E1.csproj", "{722A49BF-30A0-40F5-A062-004DBF270250}"
EndProject
Global
	GlobalSection(SolutionConfigurationPlatforms) = preSolution
		Debug|Any CPU = Debug|Any CPU
		Release|Any CPU = Release|Any CPU
	EndGlobalSection
	GlobalSection(ProjectConfigurationPlatforms) = postSolution
		{722A49BF-30A0-40F5-A062-004DBF270250}.Debug|Any CPU.ActiveCfg = Debug|Any CPU
		{722A49BF-30A0-40F5-A062-004DBF270250}.Debug|Any CPU.Build.0 = Debug|Any CPU
		{722A49BF-30A0-40F5-A062-004DBF270250}.Release|Any CPU.ActiveCfg = Release|Any CPU
		{722A49BF-30A0-40F5-A062-004DBF270250}.Release|Any CPU.Build.0 = Release|Any CPU
	EndGlobalSection
	GlobalSection(SolutionProperties) = preSolution
		HideSolutionNode = FALSE
	EndGlobalSection
	GlobalSection(ExtensibilityGlobals) = postSolution
		SolutionGuid = {DC3043AA-BF48-4AC2-8223-8DBA776329F5}
	EndGlobalSection
EndGlobal
